{
  "name": "jeetardsofficial",
  "lockfileVersion": 3,
  "requires": true,
  "packages": {
    "": {
      "dependencies": {
        "retypeapp-win-x64": "^3.6.0"
      }
    },
    "node_modules/retypeapp-win-x64": {
      "version": "3.6.0",
      "resolved": "https://registry.npmjs.org/retypeapp-win-x64/-/retypeapp-win-x64-3.6.0.tgz",
      "integrity": "sha512-RxXiIGKkJPXXvadXknEzhWIpurj2xAUabf041o4OQ8IcTlmqUh1egGlUw5Lh/OFsX7hNMmUc83CRpriJr1E2Cw==",
      "license": "See LICENSE IN LICENSE",
      "bin": {
        "retype": "retype.js"
      }
    }
  }
}
